
Microsoft Visual Studio Solution File, Format Version 12.00
# Visual Studio 15
VisualStudioVersion = 15.0.28307.271
MinimumVisualStudioVersion = 10.0.40219.1
Project("{FAE04EC0-301F-11D3-BF4B-00C04F79EFBC}") = "VesselApp", "VesselApp\VesselApp.csproj", "{A371B264-F498-4C28-825B-05B1AA0DE5CD}"
EndProject
Project("{FAE04EC0-301F-11D3-BF4B-00C04F79EFBC}") = "VesselApp.Test", "VesselApp.Test\VesselApp.Test.csproj", "{0AF3CDD4-C5D2-4885-A8AA-4A5F55DA18D7}"
EndProject
Global
	GlobalSection(SolutionConfigurationPlatforms) = preSolution
		Debug|Any CPU = Debug|Any CPU
		Release|Any CPU = Release|Any CPU
	EndGlobalSection
	GlobalSection(ProjectConfigurationPlatforms) = postSolution
		{A371B264-F498-4C28-825B-05B1AA0DE5CD}.Debug|Any CPU.ActiveCfg = Debug|Any CPU
		{A371B264-F498-4C28-825B-05B1AA0DE5CD}.Debug|Any CPU.Build.0 = Debug|Any CPU
		{A371B264-F498-4C28-825B-05B1AA0DE5CD}.Release|Any CPU.ActiveCfg = Release|Any CPU
		{A371B264-F498-4C28-825B-05B1AA0DE5CD}.Release|Any CPU.Build.0 = Release|Any CPU
		{0AF3CDD4-C5D2-4885-A8AA-4A5F55DA18D7}.Debug|Any CPU.ActiveCfg = Debug|Any CPU
		{0AF3CDD4-C5D2-4885-A8AA-4A5F55DA18D7}.Debug|Any CPU.Build.0 = Debug|Any CPU
		{0AF3CDD4-C5D2-4885-A8AA-4A5F55DA18D7}.Release|Any CPU.ActiveCfg = Release|Any CPU
		{0AF3CDD4-C5D2-4885-A8AA-4A5F55DA18D7}.Release|Any CPU.Build.0 = Release|Any CPU
	EndGlobalSection
	GlobalSection(SolutionProperties) = preSolution
		HideSolutionNode = FALSE
	EndGlobalSection
	GlobalSection(ExtensibilityGlobals) = postSolution
		SolutionGuid = {0FC3D934-F37D-4B1C-96EE-972F53FA7A59}
	EndGlobalSection
EndGlobal
